
Microsoft Visual Studio Solution File, Format Version 12.00
# Visual Studio 15
VisualStudioVersion = 15.0.28010.2048
MinimumVisualStudioVersion = 10.0.40219.1
Project("{FAE04EC0-301F-11D3-BF4B-00C04F79EFBC}") = "AzureWork", "AzureTest\AzureWork.csproj", "{A952827F-9CEC-40EE-8565-5CFD41820565}"
EndProject
Project("{FAE04EC0-301F-11D3-BF4B-00C04F79EFBC}") = "AzureWork.Service", "AzureWork.Service\AzureWork.Service.csproj", "{1E88D577-20B6-49B7-9EE6-725D2918459F}"
EndProject
Project("{FAE04EC0-301F-11D3-BF4B-00C04F79EFBC}") = "AzureWork.DbModel", "AzureWork.DbModel\AzureWork.DbModel.csproj", "{9F021248-80DE-4283-8E74-0116ACF3A947}"
EndProject
Global
	GlobalSection(SolutionConfigurationPlatforms) = preSolution
		Debug|Any CPU = Debug|Any CPU
		Release|Any CPU = Release|Any CPU
	EndGlobalSection
	GlobalSection(ProjectConfigurationPlatforms) = postSolution
		{A952827F-9CEC-40EE-8565-5CFD41820565}.Debug|Any CPU.ActiveCfg = Debug|Any CPU
		{A952827F-9CEC-40EE-8565-5CFD41820565}.Debug|Any CPU.Build.0 = Debug|Any CPU
		{A952827F-9CEC-40EE-8565-5CFD41820565}.Release|Any CPU.ActiveCfg = Release|Any CPU
		{A952827F-9CEC-40EE-8565-5CFD41820565}.Release|Any CPU.Build.0 = Release|Any CPU
		{1E88D577-20B6-49B7-9EE6-725D2918459F}.Debug|Any CPU.ActiveCfg = Debug|Any CPU
		{1E88D577-20B6-49B7-9EE6-725D2918459F}.Debug|Any CPU.Build.0 = Debug|Any CPU
		{1E88D577-20B6-49B7-9EE6-725D2918459F}.Release|Any CPU.ActiveCfg = Release|Any CPU
		{1E88D577-20B6-49B7-9EE6-725D2918459F}.Release|Any CPU.Build.0 = Release|Any CPU
		{9F021248-80DE-4283-8E74-0116ACF3A947}.Debug|Any CPU.ActiveCfg = Debug|Any CPU
		{9F021248-80DE-4283-8E74-0116ACF3A947}.Debug|Any CPU.Build.0 = Debug|Any CPU
		{9F021248-80DE-4283-8E74-0116ACF3A947}.Release|Any CPU.ActiveCfg = Release|Any CPU
		{9F021248-80DE-4283-8E74-0116ACF3A947}.Release|Any CPU.Build.0 = Release|Any CPU
	EndGlobalSection
	GlobalSection(SolutionProperties) = preSolution
		HideSolutionNode = FALSE
	EndGlobalSection
	GlobalSection(ExtensibilityGlobals) = postSolution
		SolutionGuid = {A7FEBA7F-9733-403A-B4D9-9C824E05EC25}
	EndGlobalSection
EndGlobal
